
Microsoft Visual Studio Solution File, Format Version 12.00
# Visual Studio Version 17
VisualStudioVersion = 17.13.35818.85 d17.13
MinimumVisualStudioVersion = 10.0.40219.1
Project("{FAE04EC0-301F-11D3-BF4B-00C04F79EFBC}") = "TPModul4_103022300023", "TPModul4_103022300023\TPModul4_103022300023.csproj", "{9DDF3F66-22D9-44BA-8847-3FC4C66479E1}"
EndProject
Global
	GlobalSection(SolutionConfigurationPlatforms) = preSolution
		Debug|Any CPU = Debug|Any CPU
		Release|Any CPU = Release|Any CPU
	EndGlobalSection
	GlobalSection(ProjectConfigurationPlatforms) = postSolution
		{9DDF3F66-22D9-44BA-8847-3FC4C66479E1}.Debug|Any CPU.ActiveCfg = Debug|Any CPU
		{9DDF3F66-22D9-44BA-8847-3FC4C66479E1}.Debug|Any CPU.Build.0 = Debug|Any CPU
		{9DDF3F66-22D9-44BA-8847-3FC4C66479E1}.Release|Any CPU.ActiveCfg = Release|Any CPU
		{9DDF3F66-22D9-44BA-8847-3FC4C66479E1}.Release|Any CPU.Build.0 = Release|Any CPU
	EndGlobalSection
	GlobalSection(SolutionProperties) = preSolution
		HideSolutionNode = FALSE
	EndGlobalSection
	GlobalSection(ExtensibilityGlobals) = postSolution
		SolutionGuid = {905FF193-0675-45BC-838B-E5037ED1572A}
	EndGlobalSection
EndGlobal
